// !$*UTF8*$!
{
	archiveVersion = 1;
	classes = {
	};
	objectVersion = 50;
	objects = {

/* Begin PBXBuildFile section */
		7284CE4D20E2AC51007726B0 /* AppDelegate.swift in Sources */ = {isa = PBXBuildFile; fileRef = 7284CE4C20E2AC51007726B0 /* AppDelegate.swift */; };
		7284CE4F20E2AC51007726B0 /* WordsTableViewController.swift in Sources */ = {isa = PBXBuildFile; fileRef = 7284CE4E20E2AC51007726B0 /* WordsTableViewController.swift */; };
		7284CE5520E2AC51007726B0 /* Word_Snob.xcdatamodeld in Sources */ = {isa = PBXBuildFile; fileRef = 7284CE5320E2AC51007726B0 /* Word_Snob.xcdatamodeld */; };
		7284CE5720E2AC5C007726B0 /* Assets.xcassets in Resources */ = {isa = PBXBuildFile; fileRef = 7284CE5620E2AC5C007726B0 /* Assets.xcassets */; };
		7284CE5A20E2AC5C007726B0 /* LaunchScreen.storyboard in Resources */ = {isa = PBXBuildFile; fileRef = 7284CE5820E2AC5C007726B0 /* LaunchScreen.storyboard */; };
		7284CE6520E2AC5D007726B0 /* Word_SnobTests.swift in Sources */ = {isa = PBXBuildFile; fileRef = 7284CE6420E2AC5D007726B0 /* Word_SnobTests.swift */; };
		7284CE7020E2FA0B007726B0 /* URL Helper Extensions.swift in Sources */ = {isa = PBXBuildFile; fileRef = 7284CE6F20E2FA0B007726B0 /* URL Helper Extensions.swift */; };
		7284CE7220E34295007726B0 /* API Keys.swift in Sources */ = {isa = PBXBuildFile; fileRef = 7284CE7120E34295007726B0 /* API Keys.swift */; };
		72ABCB9520EC19A7006F82D6 /* Word.swift in Sources */ = {isa = PBXBuildFile; fileRef = 72ABCB9420EC19A7006F82D6 /* Word.swift */; };
		72DE486D20E848950011A4A1 /* WordCell.swift in Sources */ = {isa = PBXBuildFile; fileRef = 72DE486C20E848940011A4A1 /* WordCell.swift */; };
		72DE487020E87F290011A4A1 /* WordsHeader.swift in Sources */ = {isa = PBXBuildFile; fileRef = 72DE486F20E87F290011A4A1 /* WordsHeader.swift */; };
		72FFAC5920E463600082FC01 /* JSONResponse.swift in Sources */ = {isa = PBXBuildFile; fileRef = 72FFAC5820E463600082FC01 /* JSONResponse.swift */; };
		72FFAC5B20E472520082FC01 /* Query.swift in Sources */ = {isa = PBXBuildFile; fileRef = 72FFAC5A20E472520082FC01 /* Query.swift */; };
/* End PBXBuildFile section */

/* Begin PBXContainerItemProxy section */
		7284CE6120E2AC5D007726B0 /* PBXContainerItemProxy */ = {
			isa = PBXContainerItemProxy;
			containerPortal = 7284CE4120E2AC51007726B0 /* Project object */;
			proxyType = 1;
			remoteGlobalIDString = 7284CE4820E2AC51007726B0;
			remoteInfo = "Word Snob";
		};
/* End PBXContainerItemProxy section */

/* Begin PBXFileReference section */
		7284CE4920E2AC51007726B0 /* Word Snob.app */ = {isa = PBXFileReference; explicitFileType = wrapper.application; includeInIndex = 0; path = "Word Snob.app"; sourceTree = BUILT_PRODUCTS_DIR; };
		7284CE4C20E2AC51007726B0 /* AppDelegate.swift */ = {isa = PBXFileReference; lastKnownFileType = sourcecode.swift; path = AppDelegate.swift; sourceTree = "<group>"; };
		7284CE4E20E2AC51007726B0 /* WordsTableViewController.swift */ = {isa = PBXFileReference; lastKnownFileType = sourcecode.swift; path = WordsTableViewController.swift; sourceTree = "<group>"; };
		7284CE5420E2AC51007726B0 /* Word_Snob.xcdatamodel */ = {isa = PBXFileReference; lastKnownFileType = wrapper.xcdatamodel; path = Word_Snob.xcdatamodel; sourceTree = "<group>"; };
		7284CE5620E2AC5C007726B0 /* Assets.xcassets */ = {isa = PBXFileReference; lastKnownFileType = folder.assetcatalog; path = Assets.xcassets; sourceTree = "<group>"; };
		7284CE5920E2AC5C007726B0 /* Base */ = {isa = PBXFileReference; lastKnownFileType = file.storyboard; name = Base; path = Base.lproj/LaunchScreen.storyboard; sourceTree = "<group>"; };
		7284CE5B20E2AC5C007726B0 /* Info.plist */ = {isa = PBXFileReference; lastKnownFileType = text.plist.xml; path = Info.plist; sourceTree = "<group>"; };
		7284CE6020E2AC5D007726B0 /* Word SnobTests.xctest */ = {isa = PBXFileReference; explicitFileType = wrapper.cfbundle; includeInIndex = 0; path = "Word SnobTests.xctest"; sourceTree = BUILT_PRODUCTS_DIR; };
		7284CE6420E2AC5D007726B0 /* Word_SnobTests.swift */ = {isa = PBXFileReference; lastKnownFileType = sourcecode.swift; path = Word_SnobTests.swift; sourceTree = "<group>"; };
		7284CE6620E2AC5D007726B0 /* Info.plist */ = {isa = PBXFileReference; lastKnownFileType = text.plist.xml; path = Info.plist; sourceTree = "<group>"; };
		7284CE6F20E2FA0B007726B0 /* URL Helper Extensions.swift */ = {isa = PBXFileReference; lastKnownFileType = sourcecode.swift; path = "URL Helper Extensions.swift"; sourceTree = "<group>"; };
		7284CE7120E34295007726B0 /* API Keys.swift */ = {isa = PBXFileReference; lastKnownFileType = sourcecode.swift; path = "API Keys.swift"; sourceTree = "<group>"; };
		72ABCB9420EC19A7006F82D6 /* Word.swift */ = {isa = PBXFileReference; lastKnownFileType = sourcecode.swift; path = Word.swift; sourceTree = "<group>"; };
		72DE486C20E848940011A4A1 /* WordCell.swift */ = {isa = PBXFileReference; lastKnownFileType = sourcecode.swift; path = WordCell.swift; sourceTree = "<group>"; };
		72DE486F20E87F290011A4A1 /* WordsHeader.swift */ = {isa = PBXFileReference; lastKnownFileType = sourcecode.swift; path = WordsHeader.swift; sourceTree = "<group>"; };
		72FFAC5820E463600082FC01 /* JSONResponse.swift */ = {isa = PBXFileReference; lastKnownFileType = sourcecode.swift; path = JSONResponse.swift; sourceTree = "<group>"; };
		72FFAC5A20E472520082FC01 /* Query.swift */ = {isa = PBXFileReference; lastKnownFileType = sourcecode.swift; path = Query.swift; sourceTree = "<group>"; };
/* End PBXFileReference section */

/* Begin PBXFrameworksBuildPhase section */
		7284CE4620E2AC51007726B0 /* Frameworks */ = {
			isa = PBXFrameworksBuildPhase;
			buildActionMask = 2147483647;
			files = (
			);
			runOnlyForDeploymentPostprocessing = 0;
		};
		7284CE5D20E2AC5D007726B0 /* Frameworks */ = {
			isa = PBXFrameworksBuildPhase;
			buildActionMask = 2147483647;
			files = (
			);
			runOnlyForDeploymentPostprocessing = 0;
		};
/* End PBXFrameworksBuildPhase section */

/* Begin PBXGroup section */
		7204D35420EDB70C007A5353 /* Views */ = {
			isa = PBXGroup;
			children = (
				72DE486C20E848940011A4A1 /* WordCell.swift */,
				72DE486F20E87F290011A4A1 /* WordsHeader.swift */,
			);
			path = Views;
			sourceTree = "<group>";
		};
		7284CE4020E2AC51007726B0 = {
			isa = PBXGroup;
			children = (
				7284CE4B20E2AC51007726B0 /* Word Snob */,
				7284CE6320E2AC5D007726B0 /* Word SnobTests */,
				7284CE4A20E2AC51007726B0 /* Products */,
			);
			sourceTree = "<group>";
		};
		7284CE4A20E2AC51007726B0 /* Products */ = {
			isa = PBXGroup;
			children = (
				7284CE4920E2AC51007726B0 /* Word Snob.app */,
				7284CE6020E2AC5D007726B0 /* Word SnobTests.xctest */,
			);
			name = Products;
			sourceTree = "<group>";
		};
		7284CE4B20E2AC51007726B0 /* Word Snob */ = {
			isa = PBXGroup;
			children = (
				7284CE4C20E2AC51007726B0 /* AppDelegate.swift */,
				7284CE4E20E2AC51007726B0 /* WordsTableViewController.swift */,
				7204D35420EDB70C007A5353 /* Views */,
				72ABCB9420EC19A7006F82D6 /* Word.swift */,
				72DE486E20E87E6B0011A4A1 /* Networking */,
				7284CE5620E2AC5C007726B0 /* Assets.xcassets */,
				7284CE5820E2AC5C007726B0 /* LaunchScreen.storyboard */,
				7284CE5B20E2AC5C007726B0 /* Info.plist */,
				7284CE5320E2AC51007726B0 /* Word_Snob.xcdatamodeld */,
			);
			path = "Word Snob";
			sourceTree = "<group>";
		};
		7284CE6320E2AC5D007726B0 /* Word SnobTests */ = {
			isa = PBXGroup;
			children = (
				7284CE6420E2AC5D007726B0 /* Word_SnobTests.swift */,
				7284CE6620E2AC5D007726B0 /* Info.plist */,
			);
			path = "Word SnobTests";
			sourceTree = "<group>";
		};
		72DE486E20E87E6B0011A4A1 /* Networking */ = {
			isa = PBXGroup;
			children = (
				72FFAC5A20E472520082FC01 /* Query.swift */,
				72FFAC5820E463600082FC01 /* JSONResponse.swift */,
				7284CE7120E34295007726B0 /* API Keys.swift */,
				7284CE6F20E2FA0B007726B0 /* URL Helper Extensions.swift */,
			);
			path = Networking;
			sourceTree = "<group>";
		};
/* End PBXGroup section */

/* Begin PBXNativeTarget section */
		7284CE4820E2AC51007726B0 /* Word Snob */ = {
			isa = PBXNativeTarget;
			buildConfigurationList = 7284CE6920E2AC5D007726B0 /* Build configuration list for PBXNativeTarget "Word Snob" */;
			buildPhases = (
				7284CE4520E2AC51007726B0 /* Sources */,
				7284CE4620E2AC51007726B0 /* Frameworks */,
				7284CE4720E2AC51007726B0 /* Resources */,
			);
			buildRules = (
			);
			dependencies = (
			);
			name = "Word Snob";
			productName = "Word Snob";
			productReference = 7284CE4920E2AC51007726B0 /* Word Snob.app */;
			productType = "com.apple.product-type.application";
		};
		7284CE5F20E2AC5D007726B0 /* Word SnobTests */ = {
			isa = PBXNativeTarget;
			buildConfigurationList = 7284CE6C20E2AC5D007726B0 /* Build configuration list for PBXNativeTarget "Word SnobTests" */;
			buildPhases = (
				7284CE5C20E2AC5D007726B0 /* Sources */,
				7284CE5D20E2AC5D007726B0 /* Frameworks */,
				7284CE5E20E2AC5D007726B0 /* Resources */,
			);
			buildRules = (
			);
			dependencies = (
				7284CE6220E2AC5D007726B0 /* PBXTargetDependency */,
			);
			name = "Word SnobTests";
			productName = "Word SnobTests";
			productReference = 7284CE6020E2AC5D007726B0 /* Word SnobTests.xctest */;
			productType = "com.apple.product-type.bundle.unit-test";
		};
/* End PBXNativeTarget section */

/* Begin PBXProject section */
		7284CE4120E2AC51007726B0 /* Project object */ = {
			isa = PBXProject;
			attributes = {
				LastSwiftUpdateCheck = 0940;
				LastUpgradeCheck = 0940;
				ORGANIZATIONNAME = ASM;
				TargetAttributes = {
					7284CE4820E2AC51007726B0 = {
						CreatedOnToolsVersion = 9.4;
					};
					7284CE5F20E2AC5D007726B0 = {
						CreatedOnToolsVersion = 9.4;
						TestTargetID = 7284CE4820E2AC51007726B0;
					};
				};
			};
			buildConfigurationList = 7284CE4420E2AC51007726B0 /* Build configuration list for PBXProject "Word Snob" */;
			compatibilityVersion = "Xcode 9.3";
			developmentRegion = en;
			hasScannedForEncodings = 0;
			knownRegions = (
				en,
				Base,
			);
			mainGroup = 7284CE4020E2AC51007726B0;
			productRefGroup = 7284CE4A20E2AC51007726B0 /* Products */;
			projectDirPath = "";
			projectRoot = "";
			targets = (
				7284CE4820E2AC51007726B0 /* Word Snob */,
				7284CE5F20E2AC5D007726B0 /* Word SnobTests */,
			);
		};
/* End PBXProject section */

/* Begin PBXResourcesBuildPhase section */
		7284CE4720E2AC51007726B0 /* Resources */ = {
			isa = PBXResourcesBuildPhase;
			buildActionMask = 2147483647;
			files = (
				7284CE5A20E2AC5C007726B0 /* LaunchScreen.storyboard in Resources */,
				7284CE5720E2AC5C007726B0 /* Assets.xcassets in Resources */,
			);
			runOnlyForDeploymentPostprocessing = 0;
		};
		7284CE5E20E2AC5D007726B0 /* Resources */ = {
			isa = PBXResourcesBuildPhase;
			buildActionMask = 2147483647;
			files = (
			);
			runOnlyForDeploymentPostprocessing = 0;
		};
/* End PBXResourcesBuildPhase section */

/* Begin PBXSourcesBuildPhase section */
		7284CE4520E2AC51007726B0 /* Sources */ = {
			isa = PBXSourcesBuildPhase;
			buildActionMask = 2147483647;
			files = (
				72FFAC5920E463600082FC01 /* JSONResponse.swift in Sources */,
				72DE487020E87F290011A4A1 /* WordsHeader.swift in Sources */,
				72DE486D20E848950011A4A1 /* WordCell.swift in Sources */,
				7284CE7220E34295007726B0 /* API Keys.swift in Sources */,
				7284CE5520E2AC51007726B0 /* Word_Snob.xcdatamodeld in Sources */,
				7284CE4F20E2AC51007726B0 /* WordsTableViewController.swift in Sources */,
				7284CE7020E2FA0B007726B0 /* URL Helper Extensions.swift in Sources */,
				72ABCB9520EC19A7006F82D6 /* Word.swift in Sources */,
				72FFAC5B20E472520082FC01 /* Query.swift in Sources */,
				7284CE4D20E2AC51007726B0 /* AppDelegate.swift in Sources */,
			);
			runOnlyForDeploymentPostprocessing = 0;
		};
		7284CE5C20E2AC5D007726B0 /* Sources */ = {
			isa = PBXSourcesBuildPhase;
			buildActionMask = 2147483647;
			files = (
				7284CE6520E2AC5D007726B0 /* Word_SnobTests.swift in Sources */,
			);
			runOnlyForDeploymentPostprocessing = 0;
		};
/* End PBXSourcesBuildPhase section */

/* Begin PBXTargetDependency section */
		7284CE6220E2AC5D007726B0 /* PBXTargetDependency */ = {
			isa = PBXTargetDependency;
			target = 7284CE4820E2AC51007726B0 /* Word Snob */;
			targetProxy = 7284CE6120E2AC5D007726B0 /* PBXContainerItemProxy */;
		};
/* End PBXTargetDependency section */

/* Begin PBXVariantGroup section */
		7284CE5820E2AC5C007726B0 /* LaunchScreen.storyboard */ = {
			isa = PBXVariantGroup;
			children = (
				7284CE5920E2AC5C007726B0 /* Base */,
			);
			name = LaunchScreen.storyboard;
			sourceTree = "<group>";
		};
/* End PBXVariantGroup section */

/* Begin XCBuildConfiguration section */
		7284CE6720E2AC5D007726B0 /* Debug */ = {
			isa = XCBuildConfiguration;
			buildSettings = {
				ALWAYS_SEARCH_USER_PATHS = NO;
				CLANG_ANALYZER_NONNULL = YES;
				CLANG_ANALYZER_NUMBER_OBJECT_CONVERSION = YES_AGGRESSIVE;
				CLANG_CXX_LANGUAGE_STANDARD = "gnu++14";
				CLANG_CXX_LIBRARY = "libc++";
				CLANG_ENABLE_MODULES = YES;
				CLANG_ENABLE_OBJC_ARC = YES;
				CLANG_ENABLE_OBJC_WEAK = YES;
				CLANG_WARN_BLOCK_CAPTURE_AUTORELEASING = YES;
				CLANG_WARN_BOOL_CONVERSION = YES;
				CLANG_WARN_COMMA = YES;
				CLANG_WARN_CONSTANT_CONVERSION = YES;
				CLANG_WARN_DEPRECATED_OBJC_IMPLEMENTATIONS = YES;
				CLANG_WARN_DIRECT_OBJC_ISA_USAGE = YES_ERROR;
				CLANG_WARN_DOCUMENTATION_COMMENTS = YES;
				CLANG_WARN_EMPTY_BODY = YES;
				CLANG_WARN_ENUM_CONVERSION = YES;
				CLANG_WARN_INFINITE_RECURSION = YES;
				CLANG_WARN_INT_CONVERSION = YES;
				CLANG_WARN_NON_LITERAL_NULL_CONVERSION = YES;
				CLANG_WARN_OBJC_IMPLICIT_RETAIN_SELF = YES;
				CLANG_WARN_OBJC_LITERAL_CONVERSION = YES;
				CLANG_WARN_OBJC_ROOT_CLASS = YES_ERROR;
				CLANG_WARN_RANGE_LOOP_ANALYSIS = YES;
				CLANG_WARN_STRICT_PROTOTYPES = YES;
				CLANG_WARN_SUSPICIOUS_MOVE = YES;
				CLANG_WARN_UNGUARDED_AVAILABILITY = YES_AGGRESSIVE;
				CLANG_WARN_UNREACHABLE_CODE = YES;
				CLANG_WARN__DUPLICATE_METHOD_MATCH = YES;
				CODE_SIGN_IDENTITY = "iPhone Developer";
				COPY_PHASE_STRIP = NO;
				DEBUG_INFORMATION_FORMAT = dwarf;
				ENABLE_STRICT_OBJC_MSGSEND = YES;
				ENABLE_TESTABILITY = YES;
				GCC_C_LANGUAGE_STANDARD = gnu11;
				GCC_DYNAMIC_NO_PIC = NO;
				GCC_NO_COMMON_BLOCKS = YES;
				GCC_OPTIMIZATION_LEVEL = 0;
				GCC_PREPROCESSOR_DEFINITIONS = (
					"DEBUG=1",
					"$(inherited)",
				);
				GCC_WARN_64_TO_32_BIT_CONVERSION = YES;
				GCC_WARN_ABOUT_RETURN_TYPE = YES_ERROR;
				GCC_WARN_UNDECLARED_SELECTOR = YES;
				GCC_WARN_UNINITIALIZED_AUTOS = YES_AGGRESSIVE;
				GCC_WARN_UNUSED_FUNCTION = YES;
				GCC_WARN_UNUSED_VARIABLE = YES;
				IPHONEOS_DEPLOYMENT_TARGET = 11.4;
				MTL_ENABLE_DEBUG_INFO = YES;
				ONLY_ACTIVE_ARCH = YES;
				SDKROOT = iphoneos;
				SWIFT_ACTIVE_COMPILATION_CONDITIONS = DEBUG;
				SWIFT_OPTIMIZATION_LEVEL = "-Onone";
			};
			name = Debug;
		};
		7284CE6820E2AC5D007726B0 /* Release */ = {
			isa = XCBuildConfiguration;
			buildSettings = {
				ALWAYS_SEARCH_USER_PATHS = NO;
				CLANG_ANALYZER_NONNULL = YES;
				CLANG_ANALYZER_NUMBER_OBJECT_CONVERSION = YES_AGGRESSIVE;
				CLANG_CXX_LANGUAGE_STANDARD = "gnu++14";
				CLANG_CXX_LIBRARY = "libc++";
				CLANG_ENABLE_MODULES = YES;
				CLANG_ENABLE_OBJC_ARC = YES;
				CLANG_ENABLE_OBJC_WEAK = YES;
				CLANG_WARN_BLOCK_CAPTURE_AUTORELEASING = YES;
				CLANG_WARN_BOOL_CONVERSION = YES;
				CLANG_WARN_COMMA = YES;
				CLANG_WARN_CONSTANT_CONVERSION = YES;
				CLANG_WARN_DEPRECATED_OBJC_IMPLEMENTATIONS = YES;
				CLANG_WARN_DIRECT_OBJC_ISA_USAGE = YES_ERROR;
				CLANG_WARN_DOCUMENTATION_COMMENTS = YES;
				CLANG_WARN_EMPTY_BODY = YES;
				CLANG_WARN_ENUM_CONVERSION = YES;
				CLANG_WARN_INFINITE_RECURSION = YES;
				CLANG_WARN_INT_CONVERSION = YES;
				CLANG_WARN_NON_LITERAL_NULL_CONVERSION = YES;
				CLANG_WARN_OBJC_IMPLICIT_RETAIN_SELF = YES;
				CLANG_WARN_OBJC_LITERAL_CONVERSION = YES;
				CLANG_WARN_OBJC_ROOT_CLASS = YES_ERROR;
				CLANG_WARN_RANGE_LOOP_ANALYSIS = YES;
				CLANG_WARN_STRICT_PROTOTYPES = YES;
				CLANG_WARN_SUSPICIOUS_MOVE = YES;
				CLANG_WARN_UNGUARDED_AVAILABILITY = YES_AGGRESSIVE;
				CLANG_WARN_UNREACHABLE_CODE = YES;
				CLANG_WARN__DUPLICATE_METHOD_MATCH = YES;
				CODE_SIGN_IDENTITY = "iPhone Developer";
				COPY_PHASE_STRIP = NO;
				DEBUG_INFORMATION_FORMAT = "dwarf-with-dsym";
				ENABLE_NS_ASSERTIONS = NO;
				ENABLE_STRICT_OBJC_MSGSEND = YES;
				GCC_C_LANGUAGE_STANDARD = gnu11;
				GCC_NO_COMMON_BLOCKS = YES;
				GCC_WARN_64_TO_32_BIT_CONVERSION = YES;
				GCC_WARN_ABOUT_RETURN_TYPE = YES_ERROR;
				GCC_WARN_UNDECLARED_SELECTOR = YES;
				GCC_WARN_UNINITIALIZED_AUTOS = YES_AGGRESSIVE;
				GCC_WARN_UNUSED_FUNCTION = YES;
				GCC_WARN_UNUSED_VARIABLE = YES;
				IPHONEOS_DEPLOYMENT_TARGET = 11.4;
				MTL_ENABLE_DEBUG_INFO = NO;
				SDKROOT = iphoneos;
				SWIFT_COMPILATION_MODE = wholemodule;
				SWIFT_OPTIMIZATION_LEVEL = "-O";
				VALIDATE_PRODUCT = YES;
			};
			name = Release;
		};
		7284CE6A20E2AC5D007726B0 /* Debug */ = {
			isa = XCBuildConfiguration;
			buildSettings = {
				ASSETCATALOG_COMPILER_APPICON_NAME = AppIcon;
				CODE_SIGN_STYLE = Automatic;
				DEVELOPMENT_TEAM = 48535654Y7;
				INFOPLIST_FILE = "Word Snob/Info.plist";
				LD_RUNPATH_SEARCH_PATHS = (
					"$(inherited)",
					"@executable_path/Frameworks",
				);
				PRODUCT_BUNDLE_IDENTIFIER = "com.ASM.Word-Snob";
				PRODUCT_NAME = "$(TARGET_NAME)";
				SWIFT_VERSION = 4.0;
				TARGETED_DEVICE_FAMILY = "1,2";
			};
			name = Debug;
		};
		7284CE6B20E2AC5D007726B0 /* Release */ = {
			isa = XCBuildConfiguration;
			buildSettings = {
				ASSETCATALOG_COMPILER_APPICON_NAME = AppIcon;
				CODE_SIGN_STYLE = Automatic;
				DEVELOPMENT_TEAM = 48535654Y7;
				INFOPLIST_FILE = "Word Snob/Info.plist";
				LD_RUNPATH_SEARCH_PATHS = (
					"$(inherited)",
					"@executable_path/Frameworks",
				);
				PRODUCT_BUNDLE_IDENTIFIER = "com.ASM.Word-Snob";
				PRODUCT_NAME = "$(TARGET_NAME)";
				SWIFT_VERSION = 4.0;
				TARGETED_DEVICE_FAMILY = "1,2";
			};
			name = Release;
		};
		7284CE6D20E2AC5D007726B0 /* Debug */ = {
			isa = XCBuildConfiguration;
			buildSettings = {
				ALWAYS_EMBED_SWIFT_STANDARD_LIBRARIES = YES;
				BUNDLE_LOADER = "$(TEST_HOST)";
				CODE_SIGN_STYLE = Automatic;
				DEVELOPMENT_TEAM = 48535654Y7;
				INFOPLIST_FILE = "Word SnobTests/Info.plist";
				LD_RUNPATH_SEARCH_PATHS = (
					"$(inherited)",
					"@executable_path/Frameworks",
					"@loader_path/Frameworks",
				);
				PRODUCT_BUNDLE_IDENTIFIER = "com.ASM.Word-SnobTests";
				PRODUCT_NAME = "$(TARGET_NAME)";
				SWIFT_VERSION = 4.0;
				TARGETED_DEVICE_FAMILY = "1,2";
				TEST_HOST = "$(BUILT_PRODUCTS_DIR)/Word Snob.app/Word Snob";
			};
			name = Debug;
		};
		7284CE6E20E2AC5D007726B0 /* Release */ = {
			isa = XCBuildConfiguration;
			buildSettings = {
				ALWAYS_EMBED_SWIFT_STANDARD_LIBRARIES = YES;
				BUNDLE_LOADER = "$(TEST_HOST)";
				CODE_SIGN_STYLE = Automatic;
				DEVELOPMENT_TEAM = 48535654Y7;
				INFOPLIST_FILE = "Word SnobTests/Info.plist";
				LD_RUNPATH_SEARCH_PATHS = (
					"$(inherited)",
					"@executable_path/Frameworks",
					"@loader_path/Frameworks",
				);
				PRODUCT_BUNDLE_IDENTIFIER = "com.ASM.Word-SnobTests";
				PRODUCT_NAME = "$(TARGET_NAME)";
				SWIFT_VERSION = 4.0;
				TARGETED_DEVICE_FAMILY = "1,2";
				TEST_HOST = "$(BUILT_PRODUCTS_DIR)/Word Snob.app/Word Snob";
			};
			name = Release;
		};
/* End XCBuildConfiguration section */

/* Begin XCConfigurationList section */
		7284CE4420E2AC51007726B0 /* Build configuration list for PBXProject "Word Snob" */ = {
			isa = XCConfigurationList;
			buildConfigurations = (
				7284CE6720E2AC5D007726B0 /* Debug */,
				7284CE6820E2AC5D007726B0 /* Release */,
			);
			defaultConfigurationIsVisible = 0;
			defaultConfigurationName = Release;
		};
		7284CE6920E2AC5D007726B0 /* Build configuration list for PBXNativeTarget "Word Snob" */ = {
			isa = XCConfigurationList;
			buildConfigurations = (
				7284CE6A20E2AC5D007726B0 /* Debug */,
				7284CE6B20E2AC5D007726B0 /* Release */,
			);
			defaultConfigurationIsVisible = 0;
			defaultConfigurationName = Release;
		};
		7284CE6C20E2AC5D007726B0 /* Build configuration list for PBXNativeTarget "Word SnobTests" */ = {
			isa = XCConfigurationList;
			buildConfigurations = (
				7284CE6D20E2AC5D007726B0 /* Debug */,
				7284CE6E20E2AC5D007726B0 /* Release */,
			);
			defaultConfigurationIsVisible = 0;
			defaultConfigurationName = Release;
		};
/* End XCConfigurationList section */

/* Begin XCVersionGroup section */
		7284CE5320E2AC51007726B0 /* Word_Snob.xcdatamodeld */ = {
			isa = XCVersionGroup;
			children = (
				7284CE5420E2AC51007726B0 /* Word_Snob.xcdatamodel */,
			);
			currentVersion = 7284CE5420E2AC51007726B0 /* Word_Snob.xcdatamodel */;
			path = Word_Snob.xcdatamodeld;
			sourceTree = "<group>";
			versionGroupType = wrapper.xcdatamodel;
		};
/* End XCVersionGroup section */
	};
	rootObject = 7284CE4120E2AC51007726B0 /* Project object */;
}
